// !$*UTF8*$!
{
	archiveVersion = 1;
	classes = {
	};
	objectVersion = 46;
	objects = {

/* Begin PBXBuildFile section */
		09000AEE256E6683000B5EA5 /* staffinfo.db in Resources */ = {isa = PBXBuildFile; fileRef = 09000AED256E6682000B5EA5 /* staffinfo.db */; };
		09402FBA256E41EC00BD410E /* SearchViewController.m in Sources */ = {isa = PBXBuildFile; fileRef = 09402FB9256E41EC00BD410E /* SearchViewController.m */; };
		096C653F256E9E2A002B0719 /* SearchTipView.m in Sources */ = {isa = PBXBuildFile; fileRef = 096C653E256E9E2A002B0719 /* SearchTipView.m */; };
		16039628FB43FBDB43B42C70 /* Pods_NDStaffInfoUITests.framework in Frameworks */ = {isa = PBXBuildFile; fileRef = 654E759710C962A56135D84D /* Pods_NDStaffInfoUITests.framework */; };
		51A24AAB1160DCC7A338A5DB /* Pods_NDStaffInfo.framework in Frameworks */ = {isa = PBXBuildFile; fileRef = 51F8A1D74A7C764D3A434D03 /* Pods_NDStaffInfo.framework */; };
		8449956F22E857B900E6D027 /* NSDictionary+pretty.m in Sources */ = {isa = PBXBuildFile; fileRef = 8449956E22E857B900E6D027 /* NSDictionary+pretty.m */; };
		8458B97122940CCE005CD1EF /* NetWork.m in Sources */ = {isa = PBXBuildFile; fileRef = 8458B97022940CCE005CD1EF /* NetWork.m */; };
		8458B97522940EBC005CD1EF /* UserInfoManager.m in Sources */ = {isa = PBXBuildFile; fileRef = 8458B97422940EBC005CD1EF /* UserInfoManager.m */; };
		848C0F84237E89DD000E3D71 /* UIImage+create.m in Sources */ = {isa = PBXBuildFile; fileRef = 848C0F83237E89DD000E3D71 /* UIImage+create.m */; };
		84DC57C1228EB73300E402EE /* InfoViewController.m in Sources */ = {isa = PBXBuildFile; fileRef = 84DC57C0228EB73300E402EE /* InfoViewController.m */; };
		84DC57C5228EBC6700E402EE /* DataBaseManager.m in Sources */ = {isa = PBXBuildFile; fileRef = 84DC57C4228EBC6700E402EE /* DataBaseManager.m */; };
		84E3D09C22E98BB30025B055 /* UserInfoModel.m in Sources */ = {isa = PBXBuildFile; fileRef = 84E3D09B22E98BB30025B055 /* UserInfoModel.m */; };
		8815B8561DAF18ED00132720 /* qidong.mp4 in Resources */ = {isa = PBXBuildFile; fileRef = 8815B8551DAF18ED00132720 /* qidong.mp4 */; };
		882D3A5E1D73D6CE00BEED93 /* main.m in Sources */ = {isa = PBXBuildFile; fileRef = 882D3A5D1D73D6CE00BEED93 /* main.m */; };
		882D3A611D73D6CE00BEED93 /* AppDelegate.m in Sources */ = {isa = PBXBuildFile; fileRef = 882D3A601D73D6CE00BEED93 /* AppDelegate.m */; };
		882D3A671D73D6CE00BEED93 /* Main.storyboard in Resources */ = {isa = PBXBuildFile; fileRef = 882D3A651D73D6CE00BEED93 /* Main.storyboard */; };
		882D3A691D73D6CE00BEED93 /* Assets.xcassets in Resources */ = {isa = PBXBuildFile; fileRef = 882D3A681D73D6CE00BEED93 /* Assets.xcassets */; };
		882D3A6C1D73D6CE00BEED93 /* LaunchScreen.storyboard in Resources */ = {isa = PBXBuildFile; fileRef = 882D3A6A1D73D6CE00BEED93 /* LaunchScreen.storyboard */; };
		882D3A771D73D6CE00BEED93 /* StartMovieTests.m in Sources */ = {isa = PBXBuildFile; fileRef = 882D3A761D73D6CE00BEED93 /* StartMovieTests.m */; };
		882D3A821D73D6CE00BEED93 /* StartMovieUITests.m in Sources */ = {isa = PBXBuildFile; fileRef = 882D3A811D73D6CE00BEED93 /* StartMovieUITests.m */; };
		882D3A911D73D72500BEED93 /* WSMovieController.m in Sources */ = {isa = PBXBuildFile; fileRef = 882D3A901D73D72500BEED93 /* WSMovieController.m */; };
		88CC7E7C1ED681F500B6BE4F /* RootNavController.m in Sources */ = {isa = PBXBuildFile; fileRef = 88CC7E7B1ED681F500B6BE4F /* RootNavController.m */; };
		AD2C1B1F79B4222E67C91E2D /* Pods_NDStaffInfoTests.framework in Frameworks */ = {isa = PBXBuildFile; fileRef = AF4A4EF846810785C09EEEB9 /* Pods_NDStaffInfoTests.framework */; };
/* End PBXBuildFile section */

/* Begin PBXContainerItemProxy section */
		882D3A731D73D6CE00BEED93 /* PBXContainerItemProxy */ = {
			isa = PBXContainerItemProxy;
			containerPortal = 882D3A511D73D6CE00BEED93 /* Project object */;
			proxyType = 1;
			remoteGlobalIDString = 882D3A581D73D6CE00BEED93;
			remoteInfo = StartMovie;
		};
		882D3A7E1D73D6CE00BEED93 /* PBXContainerItemProxy */ = {
			isa = PBXContainerItemProxy;
			containerPortal = 882D3A511D73D6CE00BEED93 /* Project object */;
			proxyType = 1;
			remoteGlobalIDString = 882D3A581D73D6CE00BEED93;
			remoteInfo = StartMovie;
		};
/* End PBXContainerItemProxy section */

/* Begin PBXFileReference section */
		09000AED256E6682000B5EA5 /* staffinfo.db */ = {isa = PBXFileReference; lastKnownFileType = file; path = staffinfo.db; sourceTree = "<group>"; };
		09402FB8256E41EC00BD410E /* SearchViewController.h */ = {isa = PBXFileReference; lastKnownFileType = sourcecode.c.h; path = SearchViewController.h; sourceTree = "<group>"; };
		09402FB9256E41EC00BD410E /* SearchViewController.m */ = {isa = PBXFileReference; lastKnownFileType = sourcecode.c.objc; path = SearchViewController.m; sourceTree = "<group>"; };
		096C653D256E9E2A002B0719 /* SearchTipView.h */ = {isa = PBXFileReference; lastKnownFileType = sourcecode.c.h; path = SearchTipView.h; sourceTree = "<group>"; };
		096C653E256E9E2A002B0719 /* SearchTipView.m */ = {isa = PBXFileReference; lastKnownFileType = sourcecode.c.objc; path = SearchTipView.m; sourceTree = "<group>"; };
		136D8FB20E7046F3E1C24C3E /* Pods-NDStaffInfo.release.xcconfig */ = {isa = PBXFileReference; includeInIndex = 1; lastKnownFileType = text.xcconfig; name = "Pods-NDStaffInfo.release.xcconfig"; path = "Target Support Files/Pods-NDStaffInfo/Pods-NDStaffInfo.release.xcconfig"; sourceTree = "<group>"; };
		2B16F35A075E6235D8B2CD7D /* Pods-NDStaffInfoTests.release.xcconfig */ = {isa = PBXFileReference; includeInIndex = 1; lastKnownFileType = text.xcconfig; name = "Pods-NDStaffInfoTests.release.xcconfig"; path = "Target Support Files/Pods-NDStaffInfoTests/Pods-NDStaffInfoTests.release.xcconfig"; sourceTree = "<group>"; };
		51F8A1D74A7C764D3A434D03 /* Pods_NDStaffInfo.framework */ = {isa = PBXFileReference; explicitFileType = wrapper.framework; includeInIndex = 0; path = Pods_NDStaffInfo.framework; sourceTree = BUILT_PRODUCTS_DIR; };
		547075BA1B0598714AA3BBBE /* Pods-NDStaffInfoUITests.release.xcconfig */ = {isa = PBXFileReference; includeInIndex = 1; lastKnownFileType = text.xcconfig; name = "Pods-NDStaffInfoUITests.release.xcconfig"; path = "Target Support Files/Pods-NDStaffInfoUITests/Pods-NDStaffInfoUITests.release.xcconfig"; sourceTree = "<group>"; };
		654E759710C962A56135D84D /* Pods_NDStaffInfoUITests.framework */ = {isa = PBXFileReference; explicitFileType = wrapper.framework; includeInIndex = 0; path = Pods_NDStaffInfoUITests.framework; sourceTree = BUILT_PRODUCTS_DIR; };
		769D8D0BD4316D9CE29A8117 /* Pods-NDStaffInfoUITests.debug.xcconfig */ = {isa = PBXFileReference; includeInIndex = 1; lastKnownFileType = text.xcconfig; name = "Pods-NDStaffInfoUITests.debug.xcconfig"; path = "Target Support Files/Pods-NDStaffInfoUITests/Pods-NDStaffInfoUITests.debug.xcconfig"; sourceTree = "<group>"; };
		7FB8777C8AAA65591EF1C806 /* Pods-NDStaffInfoTests.debug.xcconfig */ = {isa = PBXFileReference; includeInIndex = 1; lastKnownFileType = text.xcconfig; name = "Pods-NDStaffInfoTests.debug.xcconfig"; path = "Target Support Files/Pods-NDStaffInfoTests/Pods-NDStaffInfoTests.debug.xcconfig"; sourceTree = "<group>"; };
		8449956D22E857B900E6D027 /* NSDictionary+pretty.h */ = {isa = PBXFileReference; lastKnownFileType = sourcecode.c.h; path = "NSDictionary+pretty.h"; sourceTree = "<group>"; };
		8449956E22E857B900E6D027 /* NSDictionary+pretty.m */ = {isa = PBXFileReference; lastKnownFileType = sourcecode.c.objc; path = "NSDictionary+pretty.m"; sourceTree = "<group>"; };
		8458B96F22940CCE005CD1EF /* NetWork.h */ = {isa = PBXFileReference; lastKnownFileType = sourcecode.c.h; path = NetWork.h; sourceTree = "<group>"; };
		8458B97022940CCE005CD1EF /* NetWork.m */ = {isa = PBXFileReference; lastKnownFileType = sourcecode.c.objc; path = NetWork.m; sourceTree = "<group>"; };
		8458B97322940EBC005CD1EF /* UserInfoManager.h */ = {isa = PBXFileReference; lastKnownFileType = sourcecode.c.h; path = UserInfoManager.h; sourceTree = "<group>"; };
		8458B97422940EBC005CD1EF /* UserInfoManager.m */ = {isa = PBXFileReference; lastKnownFileType = sourcecode.c.objc; path = UserInfoManager.m; sourceTree = "<group>"; };
		848C0F82237E89DD000E3D71 /* UIImage+create.h */ = {isa = PBXFileReference; lastKnownFileType = sourcecode.c.h; path = "UIImage+create.h"; sourceTree = "<group>"; };
		848C0F83237E89DD000E3D71 /* UIImage+create.m */ = {isa = PBXFileReference; lastKnownFileType = sourcecode.c.objc; path = "UIImage+create.m"; sourceTree = "<group>"; };
		848C0F8E237ECC60000E3D71 /* Defines.h */ = {isa = PBXFileReference; lastKnownFileType = sourcecode.c.h; path = Defines.h; sourceTree = "<group>"; };
		84DC57BF228EB73300E402EE /* InfoViewController.h */ = {isa = PBXFileReference; lastKnownFileType = sourcecode.c.h; path = InfoViewController.h; sourceTree = "<group>"; };
		84DC57C0228EB73300E402EE /* InfoViewController.m */ = {isa = PBXFileReference; lastKnownFileType = sourcecode.c.objc; path = InfoViewController.m; sourceTree = "<group>"; };
		84DC57C3228EBC6700E402EE /* DataBaseManager.h */ = {isa = PBXFileReference; lastKnownFileType = sourcecode.c.h; path = DataBaseManager.h; sourceTree = "<group>"; };
		84DC57C4228EBC6700E402EE /* DataBaseManager.m */ = {isa = PBXFileReference; lastKnownFileType = sourcecode.c.objc; path = DataBaseManager.m; sourceTree = "<group>"; };
		84E3D09A22E98BB30025B055 /* UserInfoModel.h */ = {isa = PBXFileReference; lastKnownFileType = sourcecode.c.h; path = UserInfoModel.h; sourceTree = "<group>"; };
		84E3D09B22E98BB30025B055 /* UserInfoModel.m */ = {isa = PBXFileReference; lastKnownFileType = sourcecode.c.objc; path = UserInfoModel.m; sourceTree = "<group>"; };
		8815B8551DAF18ED00132720 /* qidong.mp4 */ = {isa = PBXFileReference; lastKnownFileType = file; path = qidong.mp4; sourceTree = "<group>"; };
		882D3A591D73D6CE00BEED93 /* NDStaffInfo.app */ = {isa = PBXFileReference; explicitFileType = wrapper.application; includeInIndex = 0; path = NDStaffInfo.app; sourceTree = BUILT_PRODUCTS_DIR; };
		882D3A5D1D73D6CE00BEED93 /* main.m */ = {isa = PBXFileReference; lastKnownFileType = sourcecode.c.objc; path = main.m; sourceTree = "<group>"; };
		882D3A5F1D73D6CE00BEED93 /* AppDelegate.h */ = {isa = PBXFileReference; lastKnownFileType = sourcecode.c.h; path = AppDelegate.h; sourceTree = "<group>"; };
		882D3A601D73D6CE00BEED93 /* AppDelegate.m */ = {isa = PBXFileReference; lastKnownFileType = sourcecode.c.objc; path = AppDelegate.m; sourceTree = "<group>"; };
		882D3A661D73D6CE00BEED93 /* Base */ = {isa = PBXFileReference; lastKnownFileType = file.storyboard; name = Base; path = Base.lproj/Main.storyboard; sourceTree = "<group>"; };
		882D3A681D73D6CE00BEED93 /* Assets.xcassets */ = {isa = PBXFileReference; lastKnownFileType = folder.assetcatalog; path = Assets.xcassets; sourceTree = "<group>"; };
		882D3A6B1D73D6CE00BEED93 /* Base */ = {isa = PBXFileReference; lastKnownFileType = file.storyboard; name = Base; path = Base.lproj/LaunchScreen.storyboard; sourceTree = "<group>"; };
		882D3A6D1D73D6CE00BEED93 /* Info.plist */ = {isa = PBXFileReference; lastKnownFileType = text.plist.xml; path = Info.plist; sourceTree = "<group>"; };
		882D3A721D73D6CE00BEED93 /* NDStaffInfoTests.xctest */ = {isa = PBXFileReference; explicitFileType = wrapper.cfbundle; includeInIndex = 0; path = NDStaffInfoTests.xctest; sourceTree = BUILT_PRODUCTS_DIR; };
		882D3A761D73D6CE00BEED93 /* StartMovieTests.m */ = {isa = PBXFileReference; lastKnownFileType = sourcecode.c.objc; path = StartMovieTests.m; sourceTree = "<group>"; };
		882D3A781D73D6CE00BEED93 /* Info.plist */ = {isa = PBXFileReference; lastKnownFileType = text.plist.xml; path = Info.plist; sourceTree = "<group>"; };
		882D3A7D1D73D6CE00BEED93 /* NDStaffInfoUITests.xctest */ = {isa = PBXFileReference; explicitFileType = wrapper.cfbundle; includeInIndex = 0; path = NDStaffInfoUITests.xctest; sourceTree = BUILT_PRODUCTS_DIR; };
		882D3A811D73D6CE00BEED93 /* StartMovieUITests.m */ = {isa = PBXFileReference; lastKnownFileType = sourcecode.c.objc; path = StartMovieUITests.m; sourceTree = "<group>"; };
		882D3A831D73D6CE00BEED93 /* Info.plist */ = {isa = PBXFileReference; lastKnownFileType = text.plist.xml; path = Info.plist; sourceTree = "<group>"; };
		882D3A8F1D73D72500BEED93 /* WSMovieController.h */ = {isa = PBXFileReference; fileEncoding = 4; lastKnownFileType = sourcecode.c.h; path = WSMovieController.h; sourceTree = "<group>"; };
		882D3A901D73D72500BEED93 /* WSMovieController.m */ = {isa = PBXFileReference; fileEncoding = 4; lastKnownFileType = sourcecode.c.objc; path = WSMovieController.m; sourceTree = "<group>"; };
		88CC7E7A1ED681F400B6BE4F /* RootNavController.h */ = {isa = PBXFileReference; fileEncoding = 4; lastKnownFileType = sourcecode.c.h; path = RootNavController.h; sourceTree = "<group>"; };
		88CC7E7B1ED681F500B6BE4F /* RootNavController.m */ = {isa = PBXFileReference; fileEncoding = 4; lastKnownFileType = sourcecode.c.objc; path = RootNavController.m; sourceTree = "<group>"; };
		AF4A4EF846810785C09EEEB9 /* Pods_NDStaffInfoTests.framework */ = {isa = PBXFileReference; explicitFileType = wrapper.framework; includeInIndex = 0; path = Pods_NDStaffInfoTests.framework; sourceTree = BUILT_PRODUCTS_DIR; };
		D64157DA9E4261818E0DCF56 /* Pods-NDStaffInfo.debug.xcconfig */ = {isa = PBXFileReference; includeInIndex = 1; lastKnownFileType = text.xcconfig; name = "Pods-NDStaffInfo.debug.xcconfig"; path = "Target Support Files/Pods-NDStaffInfo/Pods-NDStaffInfo.debug.xcconfig"; sourceTree = "<group>"; };
/* End PBXFileReference section */

/* Begin PBXFrameworksBuildPhase section */
		882D3A561D73D6CE00BEED93 /* Frameworks */ = {
			isa = PBXFrameworksBuildPhase;
			buildActionMask = 2147483647;
			files = (
				51A24AAB1160DCC7A338A5DB /* Pods_NDStaffInfo.framework in Frameworks */,
			);
			runOnlyForDeploymentPostprocessing = 0;
		};
		882D3A6F1D73D6CE00BEED93 /* Frameworks */ = {
			isa = PBXFrameworksBuildPhase;
			buildActionMask = 2147483647;
			files = (
				AD2C1B1F79B4222E67C91E2D /* Pods_NDStaffInfoTests.framework in Frameworks */,
			);
			runOnlyForDeploymentPostprocessing = 0;
		};
		882D3A7A1D73D6CE00BEED93 /* Frameworks */ = {
			isa = PBXFrameworksBuildPhase;
			buildActionMask = 2147483647;
			files = (
				16039628FB43FBDB43B42C70 /* Pods_NDStaffInfoUITests.framework in Frameworks */,
			);
			runOnlyForDeploymentPostprocessing = 0;
		};
/* End PBXFrameworksBuildPhase section */

/* Begin PBXGroup section */
		294405085944081397092415 /* Pods */ = {
			isa = PBXGroup;
			children = (
				D64157DA9E4261818E0DCF56 /* Pods-NDStaffInfo.debug.xcconfig */,
				136D8FB20E7046F3E1C24C3E /* Pods-NDStaffInfo.release.xcconfig */,
				7FB8777C8AAA65591EF1C806 /* Pods-NDStaffInfoTests.debug.xcconfig */,
				2B16F35A075E6235D8B2CD7D /* Pods-NDStaffInfoTests.release.xcconfig */,
				769D8D0BD4316D9CE29A8117 /* Pods-NDStaffInfoUITests.debug.xcconfig */,
				547075BA1B0598714AA3BBBE /* Pods-NDStaffInfoUITests.release.xcconfig */,
			);
			path = Pods;
			sourceTree = "<group>";
		};
		8458B96E22940CA1005CD1EF /* network */ = {
			isa = PBXGroup;
			children = (
				8458B96F22940CCE005CD1EF /* NetWork.h */,
				8458B97022940CCE005CD1EF /* NetWork.m */,
			);
			path = network;
			sourceTree = "<group>";
		};
		8458B97222940EA4005CD1EF /* model */ = {
			isa = PBXGroup;
			children = (
				8458B97322940EBC005CD1EF /* UserInfoManager.h */,
				8458B97422940EBC005CD1EF /* UserInfoManager.m */,
				84E3D09A22E98BB30025B055 /* UserInfoModel.h */,
				84E3D09B22E98BB30025B055 /* UserInfoModel.m */,
			);
			path = model;
			sourceTree = "<group>";
		};
		84DC57BD228EB6C200E402EE /* movie */ = {
			isa = PBXGroup;
			children = (
				882D3A8F1D73D72500BEED93 /* WSMovieController.h */,
				882D3A901D73D72500BEED93 /* WSMovieController.m */,
				8815B8551DAF18ED00132720 /* qidong.mp4 */,
			);
			path = movie;
			sourceTree = "<group>";
		};
		84DC57BE228EB6E500E402EE /* info */ = {
			isa = PBXGroup;
			children = (
				8458B97222940EA4005CD1EF /* model */,
				8458B96E22940CA1005CD1EF /* network */,
				84DC57C2228EBC4100E402EE /* database */,
				09402FB8256E41EC00BD410E /* SearchViewController.h */,
				09402FB9256E41EC00BD410E /* SearchViewController.m */,
				096C653D256E9E2A002B0719 /* SearchTipView.h */,
				096C653E256E9E2A002B0719 /* SearchTipView.m */,
				84DC57BF228EB73300E402EE /* InfoViewController.h */,
				84DC57C0228EB73300E402EE /* InfoViewController.m */,
			);
			path = info;
			sourceTree = "<group>";
		};
		84DC57C2228EBC4100E402EE /* database */ = {
			isa = PBXGroup;
			children = (
				09000AED256E6682000B5EA5 /* staffinfo.db */,
				84DC57C3228EBC6700E402EE /* DataBaseManager.h */,
				84DC57C4228EBC6700E402EE /* DataBaseManager.m */,
			);
			path = database;
			sourceTree = "<group>";
		};
		84E3D09D22E98BD30025B055 /* category */ = {
			isa = PBXGroup;
			children = (
				8449956D22E857B900E6D027 /* NSDictionary+pretty.h */,
				8449956E22E857B900E6D027 /* NSDictionary+pretty.m */,
				848C0F82237E89DD000E3D71 /* UIImage+create.h */,
				848C0F83237E89DD000E3D71 /* UIImage+create.m */,
			);
			path = category;
			sourceTree = "<group>";
		};
		882D3A501D73D6CE00BEED93 = {
			isa = PBXGroup;
			children = (
				882D3A5B1D73D6CE00BEED93 /* NDStaffInfo */,
				882D3A751D73D6CE00BEED93 /* NDStaffInfoTests */,
				882D3A801D73D6CE00BEED93 /* NDStaffInfoUITests */,
				882D3A5A1D73D6CE00BEED93 /* Products */,
				294405085944081397092415 /* Pods */,
				FD0FEA0911A28D51F7C29514 /* Frameworks */,
			);
			sourceTree = "<group>";
		};
		882D3A5A1D73D6CE00BEED93 /* Products */ = {
			isa = PBXGroup;
			children = (
				882D3A591D73D6CE00BEED93 /* NDStaffInfo.app */,
				882D3A721D73D6CE00BEED93 /* NDStaffInfoTests.xctest */,
				882D3A7D1D73D6CE00BEED93 /* NDStaffInfoUITests.xctest */,
			);
			name = Products;
			sourceTree = "<group>";
		};
		882D3A5B1D73D6CE00BEED93 /* NDStaffInfo */ = {
			isa = PBXGroup;
			children = (
				848C0F8E237ECC60000E3D71 /* Defines.h */,
				84E3D09D22E98BD30025B055 /* category */,
				84DC57BE228EB6E500E402EE /* info */,
				84DC57BD228EB6C200E402EE /* movie */,
				88CC7E731ED6808200B6BE4F /* root */,
				882D3A5F1D73D6CE00BEED93 /* AppDelegate.h */,
				882D3A601D73D6CE00BEED93 /* AppDelegate.m */,
				882D3A651D73D6CE00BEED93 /* Main.storyboard */,
				882D3A681D73D6CE00BEED93 /* Assets.xcassets */,
				882D3A6A1D73D6CE00BEED93 /* LaunchScreen.storyboard */,
				882D3A6D1D73D6CE00BEED93 /* Info.plist */,
				882D3A5C1D73D6CE00BEED93 /* Supporting Files */,
			);
			path = NDStaffInfo;
			sourceTree = "<group>";
		};
		882D3A5C1D73D6CE00BEED93 /* Supporting Files */ = {
			isa = PBXGroup;
			children = (
				882D3A5D1D73D6CE00BEED93 /* main.m */,
			);
			name = "Supporting Files";
			sourceTree = "<group>";
		};
		882D3A751D73D6CE00BEED93 /* NDStaffInfoTests */ = {
			isa = PBXGroup;
			children = (
				882D3A761D73D6CE00BEED93 /* StartMovieTests.m */,
				882D3A781D73D6CE00BEED93 /* Info.plist */,
			);
			path = NDStaffInfoTests;
			sourceTree = "<group>";
		};
		882D3A801D73D6CE00BEED93 /* NDStaffInfoUITests */ = {
			isa = PBXGroup;
			children = (
				882D3A811D73D6CE00BEED93 /* StartMovieUITests.m */,
				882D3A831D73D6CE00BEED93 /* Info.plist */,
			);
			path = NDStaffInfoUITests;
			sourceTree = "<group>";
		};
		88CC7E731ED6808200B6BE4F /* root */ = {
			isa = PBXGroup;
			children = (
				88CC7E7A1ED681F400B6BE4F /* RootNavController.h */,
				88CC7E7B1ED681F500B6BE4F /* RootNavController.m */,
			);
			path = root;
			sourceTree = "<group>";
		};
		FD0FEA0911A28D51F7C29514 /* Frameworks */ = {
			isa = PBXGroup;
			children = (
				51F8A1D74A7C764D3A434D03 /* Pods_NDStaffInfo.framework */,
				AF4A4EF846810785C09EEEB9 /* Pods_NDStaffInfoTests.framework */,
				654E759710C962A56135D84D /* Pods_NDStaffInfoUITests.framework */,
			);
			name = Frameworks;
			sourceTree = "<group>";
		};
/* End PBXGroup section */

/* Begin PBXNativeTarget section */
		882D3A581D73D6CE00BEED93 /* NDStaffInfo */ = {
			isa = PBXNativeTarget;
			buildConfigurationList = 882D3A861D73D6CE00BEED93 /* Build configuration list for PBXNativeTarget "NDStaffInfo" */;
			buildPhases = (
				EB0534BB2887B40F1113EBFE /* [CP] Check Pods Manifest.lock */,
				882D3A551D73D6CE00BEED93 /* Sources */,
				882D3A561D73D6CE00BEED93 /* Frameworks */,
				882D3A571D73D6CE00BEED93 /* Resources */,
				2ACAC4C5AA1D20D4B6434708 /* [CP] Embed Pods Frameworks */,
			);
			buildRules = (
			);
			dependencies = (
			);
			name = NDStaffInfo;
			productName = StartMovie;
			productReference = 882D3A591D73D6CE00BEED93 /* NDStaffInfo.app */;
			productType = "com.apple.product-type.application";
		};
		882D3A711D73D6CE00BEED93 /* NDStaffInfoTests */ = {
			isa = PBXNativeTarget;
			buildConfigurationList = 882D3A891D73D6CE00BEED93 /* Build configuration list for PBXNativeTarget "NDStaffInfoTests" */;
			buildPhases = (
				D38835B8441FE70531621EF2 /* [CP] Check Pods Manifest.lock */,
				882D3A6E1D73D6CE00BEED93 /* Sources */,
				882D3A6F1D73D6CE00BEED93 /* Frameworks */,
				882D3A701D73D6CE00BEED93 /* Resources */,
			);
			buildRules = (
			);
			dependencies = (
				882D3A741D73D6CE00BEED93 /* PBXTargetDependency */,
			);
			name = NDStaffInfoTests;
			productName = StartMovieTests;
			productReference = 882D3A721D73D6CE00BEED93 /* NDStaffInfoTests.xctest */;
			productType = "com.apple.product-type.bundle.unit-test";
		};
		882D3A7C1D73D6CE00BEED93 /* NDStaffInfoUITests */ = {
			isa = PBXNativeTarget;
			buildConfigurationList = 882D3A8C1D73D6CE00BEED93 /* Build configuration list for PBXNativeTarget "NDStaffInfoUITests" */;
			buildPhases = (
				78D813DF01587F4C0272E370 /* [CP] Check Pods Manifest.lock */,
				882D3A791D73D6CE00BEED93 /* Sources */,
				882D3A7A1D73D6CE00BEED93 /* Frameworks */,
				882D3A7B1D73D6CE00BEED93 /* Resources */,
			);
			buildRules = (
			);
			dependencies = (
				882D3A7F1D73D6CE00BEED93 /* PBXTargetDependency */,
			);
			name = NDStaffInfoUITests;
			productName = StartMovieUITests;
			productReference = 882D3A7D1D73D6CE00BEED93 /* NDStaffInfoUITests.xctest */;
			productType = "com.apple.product-type.bundle.ui-testing";
		};
/* End PBXNativeTarget section */

/* Begin PBXProject section */
		882D3A511D73D6CE00BEED93 /* Project object */ = {
			isa = PBXProject;
			attributes = {
				LastUpgradeCheck = 0730;
				ORGANIZATIONNAME = sinfotek;
				TargetAttributes = {
					882D3A581D73D6CE00BEED93 = {
						CreatedOnToolsVersion = 7.3.1;
						DevelopmentTeam = T7SZ5KZMB4;
						ProvisioningStyle = Manual;
					};
					882D3A711D73D6CE00BEED93 = {
						CreatedOnToolsVersion = 7.3.1;
						TestTargetID = 882D3A581D73D6CE00BEED93;
					};
					882D3A7C1D73D6CE00BEED93 = {
						CreatedOnToolsVersion = 7.3.1;
						TestTargetID = 882D3A581D73D6CE00BEED93;
					};
				};
			};
			buildConfigurationList = 882D3A541D73D6CE00BEED93 /* Build configuration list for PBXProject "NDStaffInfo" */;
			compatibilityVersion = "Xcode 3.2";
			developmentRegion = English;
			hasScannedForEncodings = 0;
			knownRegions = (
				English,
				en,
				Base,
			);
			mainGroup = 882D3A501D73D6CE00BEED93;
			productRefGroup = 882D3A5A1D73D6CE00BEED93 /* Products */;
			projectDirPath = "";
			projectRoot = "";
			targets = (
				882D3A581D73D6CE00BEED93 /* NDStaffInfo */,
				882D3A711D73D6CE00BEED93 /* NDStaffInfoTests */,
				882D3A7C1D73D6CE00BEED93 /* NDStaffInfoUITests */,
			);
		};
/* End PBXProject section */

/* Begin PBXResourcesBuildPhase section */
		882D3A571D73D6CE00BEED93 /* Resources */ = {
			isa = PBXResourcesBuildPhase;
			buildActionMask = 2147483647;
			files = (
				09000AEE256E6683000B5EA5 /* staffinfo.db in Resources */,
				882D3A6C1D73D6CE00BEED93 /* LaunchScreen.storyboard in Resources */,
				882D3A691D73D6CE00BEED93 /* Assets.xcassets in Resources */,
				882D3A671D73D6CE00BEED93 /* Main.storyboard in Resources */,
				8815B8561DAF18ED00132720 /* qidong.mp4 in Resources */,
			);
			runOnlyForDeploymentPostprocessing = 0;
		};
		882D3A701D73D6CE00BEED93 /* Resources */ = {
			isa = PBXResourcesBuildPhase;
			buildActionMask = 2147483647;
			files = (
			);
			runOnlyForDeploymentPostprocessing = 0;
		};
		882D3A7B1D73D6CE00BEED93 /* Resources */ = {
			isa = PBXResourcesBuildPhase;
			buildActionMask = 2147483647;
			files = (
			);
			runOnlyForDeploymentPostprocessing = 0;
		};
/* End PBXResourcesBuildPhase section */

/* Begin PBXShellScriptBuildPhase section */
		2ACAC4C5AA1D20D4B6434708 /* [CP] Embed Pods Frameworks */ = {
			isa = PBXShellScriptBuildPhase;
			buildActionMask = 2147483647;
			files = (
			);
			inputPaths = (
				"${PODS_ROOT}/Target Support Files/Pods-NDStaffInfo/Pods-NDStaffInfo-frameworks.sh",
				"${BUILT_PRODUCTS_DIR}/AFNetworking/AFNetworking.framework",
				"${BUILT_PRODUCTS_DIR}/FMDB/FMDB.framework",
				"${BUILT_PRODUCTS_DIR}/MBProgressHUD/MBProgressHUD.framework",
				"${BUILT_PRODUCTS_DIR}/Masonry/Masonry.framework",
				"${BUILT_PRODUCTS_DIR}/Ono/Ono.framework",
			);
			name = "[CP] Embed Pods Frameworks";
			outputPaths = (
				"${TARGET_BUILD_DIR}/${FRAMEWORKS_FOLDER_PATH}/AFNetworking.framework",
				"${TARGET_BUILD_DIR}/${FRAMEWORKS_FOLDER_PATH}/FMDB.framework",
				"${TARGET_BUILD_DIR}/${FRAMEWORKS_FOLDER_PATH}/MBProgressHUD.framework",
				"${TARGET_BUILD_DIR}/${FRAMEWORKS_FOLDER_PATH}/Masonry.framework",
				"${TARGET_BUILD_DIR}/${FRAMEWORKS_FOLDER_PATH}/Ono.framework",
			);
			runOnlyForDeploymentPostprocessing = 0;
			shellPath = /bin/sh;
			shellScript = "\"${PODS_ROOT}/Target Support Files/Pods-NDStaffInfo/Pods-NDStaffInfo-frameworks.sh\"\n";
			showEnvVarsInLog = 0;
		};
		78D813DF01587F4C0272E370 /* [CP] Check Pods Manifest.lock */ = {
			isa = PBXShellScriptBuildPhase;
			buildActionMask = 2147483647;
			files = (
			);
			inputFileListPaths = (
			);
			inputPaths = (
				"${PODS_PODFILE_DIR_PATH}/Podfile.lock",
				"${PODS_ROOT}/Manifest.lock",
			);
			name = "[CP] Check Pods Manifest.lock";
			outputFileListPaths = (
			);
			outputPaths = (
				"$(DERIVED_FILE_DIR)/Pods-NDStaffInfoUITests-checkManifestLockResult.txt",
			);
			runOnlyForDeploymentPostprocessing = 0;
			shellPath = /bin/sh;
			shellScript = "diff \"${PODS_PODFILE_DIR_PATH}/Podfile.lock\" \"${PODS_ROOT}/Manifest.lock\" > /dev/null\nif [ $? != 0 ] ; then\n    # print error to STDERR\n    echo \"error: The sandbox is not in sync with the Podfile.lock. Run 'pod install' or update your CocoaPods installation.\" >&2\n    exit 1\nfi\n# This output is used by Xcode 'outputs' to avoid re-running this script phase.\necho \"SUCCESS\" > \"${SCRIPT_OUTPUT_FILE_0}\"\n";
			showEnvVarsInLog = 0;
		};
		D38835B8441FE70531621EF2 /* [CP] Check Pods Manifest.lock */ = {
			isa = PBXShellScriptBuildPhase;
			buildActionMask = 2147483647;
			files = (
			);
			inputFileListPaths = (
			);
			inputPaths = (
				"${PODS_PODFILE_DIR_PATH}/Podfile.lock",
				"${PODS_ROOT}/Manifest.lock",
			);
			name = "[CP] Check Pods Manifest.lock";
			outputFileListPaths = (
			);
			outputPaths = (
				"$(DERIVED_FILE_DIR)/Pods-NDStaffInfoTests-checkManifestLockResult.txt",
			);
			runOnlyForDeploymentPostprocessing = 0;
			shellPath = /bin/sh;
			shellScript = "diff \"${PODS_PODFILE_DIR_PATH}/Podfile.lock\" \"${PODS_ROOT}/Manifest.lock\" > /dev/null\nif [ $? != 0 ] ; then\n    # print error to STDERR\n    echo \"error: The sandbox is not in sync with the Podfile.lock. Run 'pod install' or update your CocoaPods installation.\" >&2\n    exit 1\nfi\n# This output is used by Xcode 'outputs' to avoid re-running this script phase.\necho \"SUCCESS\" > \"${SCRIPT_OUTPUT_FILE_0}\"\n";
			showEnvVarsInLog = 0;
		};
		EB0534BB2887B40F1113EBFE /* [CP] Check Pods Manifest.lock */ = {
			isa = PBXShellScriptBuildPhase;
			buildActionMask = 2147483647;
			files = (
			);
			inputFileListPaths = (
			);
			inputPaths = (
				"${PODS_PODFILE_DIR_PATH}/Podfile.lock",
				"${PODS_ROOT}/Manifest.lock",
			);
			name = "[CP] Check Pods Manifest.lock";
			outputFileListPaths = (
			);
			outputPaths = (
				"$(DERIVED_FILE_DIR)/Pods-NDStaffInfo-checkManifestLockResult.txt",
			);
			runOnlyForDeploymentPostprocessing = 0;
			shellPath = /bin/sh;
			shellScript = "diff \"${PODS_PODFILE_DIR_PATH}/Podfile.lock\" \"${PODS_ROOT}/Manifest.lock\" > /dev/null\nif [ $? != 0 ] ; then\n    # print error to STDERR\n    echo \"error: The sandbox is not in sync with the Podfile.lock. Run 'pod install' or update your CocoaPods installation.\" >&2\n    exit 1\nfi\n# This output is used by Xcode 'outputs' to avoid re-running this script phase.\necho \"SUCCESS\" > \"${SCRIPT_OUTPUT_FILE_0}\"\n";
			showEnvVarsInLog = 0;
		};
/* End PBXShellScriptBuildPhase section */

/* Begin PBXSourcesBuildPhase section */
		882D3A551D73D6CE00BEED93 /* Sources */ = {
			isa = PBXSourcesBuildPhase;
			buildActionMask = 2147483647;
			files = (
				8449956F22E857B900E6D027 /* NSDictionary+pretty.m in Sources */,
				096C653F256E9E2A002B0719 /* SearchTipView.m in Sources */,
				882D3A911D73D72500BEED93 /* WSMovieController.m in Sources */,
				8458B97122940CCE005CD1EF /* NetWork.m in Sources */,
				848C0F84237E89DD000E3D71 /* UIImage+create.m in Sources */,
				09402FBA256E41EC00BD410E /* SearchViewController.m in Sources */,
				8458B97522940EBC005CD1EF /* UserInfoManager.m in Sources */,
				88CC7E7C1ED681F500B6BE4F /* RootNavController.m in Sources */,
				84DC57C5228EBC6700E402EE /* DataBaseManager.m in Sources */,
				84E3D09C22E98BB30025B055 /* UserInfoModel.m in Sources */,
				882D3A611D73D6CE00BEED93 /* AppDelegate.m in Sources */,
				84DC57C1228EB73300E402EE /* InfoViewController.m in Sources */,
				882D3A5E1D73D6CE00BEED93 /* main.m in Sources */,
			);
			runOnlyForDeploymentPostprocessing = 0;
		};
		882D3A6E1D73D6CE00BEED93 /* Sources */ = {
			isa = PBXSourcesBuildPhase;
			buildActionMask = 2147483647;
			files = (
				882D3A771D73D6CE00BEED93 /* StartMovieTests.m in Sources */,
			);
			runOnlyForDeploymentPostprocessing = 0;
		};
		882D3A791D73D6CE00BEED93 /* Sources */ = {
			isa = PBXSourcesBuildPhase;
			buildActionMask = 2147483647;
			files = (
				882D3A821D73D6CE00BEED93 /* StartMovieUITests.m in Sources */,
			);
			runOnlyForDeploymentPostprocessing = 0;
		};
/* End PBXSourcesBuildPhase section */

/* Begin PBXTargetDependency section */
		882D3A741D73D6CE00BEED93 /* PBXTargetDependency */ = {
			isa = PBXTargetDependency;
			target = 882D3A581D73D6CE00BEED93 /* NDStaffInfo */;
			targetProxy = 882D3A731D73D6CE00BEED93 /* PBXContainerItemProxy */;
		};
		882D3A7F1D73D6CE00BEED93 /* PBXTargetDependency */ = {
			isa = PBXTargetDependency;
			target = 882D3A581D73D6CE00BEED93 /* NDStaffInfo */;
			targetProxy = 882D3A7E1D73D6CE00BEED93 /* PBXContainerItemProxy */;
		};
/* End PBXTargetDependency section */

/* Begin PBXVariantGroup section */
		882D3A651D73D6CE00BEED93 /* Main.storyboard */ = {
			isa = PBXVariantGroup;
			children = (
				882D3A661D73D6CE00BEED93 /* Base */,
			);
			name = Main.storyboard;
			sourceTree = "<group>";
		};
		882D3A6A1D73D6CE00BEED93 /* LaunchScreen.storyboard */ = {
			isa = PBXVariantGroup;
			children = (
				882D3A6B1D73D6CE00BEED93 /* Base */,
			);
			name = LaunchScreen.storyboard;
			sourceTree = "<group>";
		};
/* End PBXVariantGroup section */

/* Begin XCBuildConfiguration section */
		882D3A841D73D6CE00BEED93 /* Debug */ = {
			isa = XCBuildConfiguration;
			buildSettings = {
				ALWAYS_SEARCH_USER_PATHS = NO;
				CLANG_ANALYZER_NONNULL = YES;
				CLANG_CXX_LANGUAGE_STANDARD = "gnu++0x";
				CLANG_CXX_LIBRARY = "libc++";
				CLANG_ENABLE_MODULES = YES;
				CLANG_ENABLE_OBJC_ARC = YES;
				CLANG_WARN_BOOL_CONVERSION = YES;
				CLANG_WARN_CONSTANT_CONVERSION = YES;
				CLANG_WARN_DIRECT_OBJC_ISA_USAGE = YES_ERROR;
				CLANG_WARN_EMPTY_BODY = YES;
				CLANG_WARN_ENUM_CONVERSION = YES;
				CLANG_WARN_INT_CONVERSION = YES;
				CLANG_WARN_OBJC_ROOT_CLASS = YES_ERROR;
				CLANG_WARN_UNREACHABLE_CODE = YES;
				CLANG_WARN__DUPLICATE_METHOD_MATCH = YES;
				"CODE_SIGN_IDENTITY[sdk=iphoneos*]" = "iPhone Developer";
				COPY_PHASE_STRIP = NO;
				DEBUG_INFORMATION_FORMAT = dwarf;
				ENABLE_STRICT_OBJC_MSGSEND = YES;
				ENABLE_TESTABILITY = YES;
				GCC_C_LANGUAGE_STANDARD = gnu99;
				GCC_DYNAMIC_NO_PIC = NO;
				GCC_NO_COMMON_BLOCKS = YES;
				GCC_OPTIMIZATION_LEVEL = 0;
				GCC_PREPROCESSOR_DEFINITIONS = (
					"DEBUG=1",
					"$(inherited)",
				);
				GCC_WARN_64_TO_32_BIT_CONVERSION = YES;
				GCC_WARN_ABOUT_RETURN_TYPE = YES_ERROR;
				GCC_WARN_UNDECLARED_SELECTOR = YES;
				GCC_WARN_UNINITIALIZED_AUTOS = YES_AGGRESSIVE;
				GCC_WARN_UNUSED_FUNCTION = YES;
				GCC_WARN_UNUSED_VARIABLE = YES;
				IPHONEOS_DEPLOYMENT_TARGET = 9.3;
				MTL_ENABLE_DEBUG_INFO = YES;
				ONLY_ACTIVE_ARCH = YES;
				SDKROOT = iphoneos;
			};
			name = Debug;
		};
		882D3A851D73D6CE00BEED93 /* Release */ = {
			isa = XCBuildConfiguration;
			buildSettings = {
				ALWAYS_SEARCH_USER_PATHS = NO;
				CLANG_ANALYZER_NONNULL = YES;
				CLANG_CXX_LANGUAGE_STANDARD = "gnu++0x";
				CLANG_CXX_LIBRARY = "libc++";
				CLANG_ENABLE_MODULES = YES;
				CLANG_ENABLE_OBJC_ARC = YES;
				CLANG_WARN_BOOL_CONVERSION = YES;
				CLANG_WARN_CONSTANT_CONVERSION = YES;
				CLANG_WARN_DIRECT_OBJC_ISA_USAGE = YES_ERROR;
				CLANG_WARN_EMPTY_BODY = YES;
				CLANG_WARN_ENUM_CONVERSION = YES;
				CLANG_WARN_INT_CONVERSION = YES;
				CLANG_WARN_OBJC_ROOT_CLASS = YES_ERROR;
				CLANG_WARN_UNREACHABLE_CODE = YES;
				CLANG_WARN__DUPLICATE_METHOD_MATCH = YES;
				"CODE_SIGN_IDENTITY[sdk=iphoneos*]" = "iPhone Developer";
				COPY_PHASE_STRIP = NO;
				DEBUG_INFORMATION_FORMAT = "dwarf-with-dsym";
				ENABLE_NS_ASSERTIONS = NO;
				ENABLE_STRICT_OBJC_MSGSEND = YES;
				GCC_C_LANGUAGE_STANDARD = gnu99;
				GCC_NO_COMMON_BLOCKS = YES;
				GCC_WARN_64_TO_32_BIT_CONVERSION = YES;
				GCC_WARN_ABOUT_RETURN_TYPE = YES_ERROR;
				GCC_WARN_UNDECLARED_SELECTOR = YES;
				GCC_WARN_UNINITIALIZED_AUTOS = YES_AGGRESSIVE;
				GCC_WARN_UNUSED_FUNCTION = YES;
				GCC_WARN_UNUSED_VARIABLE = YES;
				IPHONEOS_DEPLOYMENT_TARGET = 9.3;
				MTL_ENABLE_DEBUG_INFO = NO;
				SDKROOT = iphoneos;
				VALIDATE_PRODUCT = YES;
			};
			name = Release;
		};
		882D3A871D73D6CE00BEED93 /* Debug */ = {
			isa = XCBuildConfiguration;
			baseConfigurationReference = D64157DA9E4261818E0DCF56 /* Pods-NDStaffInfo.debug.xcconfig */;
			buildSettings = {
				ASSETCATALOG_COMPILER_APPICON_NAME = AppIcon;
				CLANG_CXX_LANGUAGE_STANDARD = "compiler-default";
				CODE_SIGN_IDENTITY = "iPhone Distribution";
				CODE_SIGN_STYLE = Manual;
				DEVELOPMENT_TEAM = T7SZ5KZMB4;
				INFOPLIST_FILE = NDStaffInfo/Info.plist;
				IPHONEOS_DEPLOYMENT_TARGET = 8.0;
				LD_RUNPATH_SEARCH_PATHS = "$(inherited) @executable_path/Frameworks";
				PRODUCT_BUNDLE_IDENTIFIER = com.nd.app.factory.dynamicnew99u;
				PRODUCT_NAME = "$(TARGET_NAME)";
				PROVISIONING_PROFILE_SPECIFIER = com.nd.app.factory.dynamicnew99uinhouse;
			};
			name = Debug;
		};
		882D3A881D73D6CE00BEED93 /* Release */ = {
			isa = XCBuildConfiguration;
			baseConfigurationReference = 136D8FB20E7046F3E1C24C3E /* Pods-NDStaffInfo.release.xcconfig */;
			buildSettings = {
				ASSETCATALOG_COMPILER_APPICON_NAME = AppIcon;
				CLANG_CXX_LANGUAGE_STANDARD = "compiler-default";
				CODE_SIGN_IDENTITY = "iPhone Distribution";
				CODE_SIGN_STYLE = Manual;
				DEVELOPMENT_TEAM = T7SZ5KZMB4;
				INFOPLIST_FILE = NDStaffInfo/Info.plist;
				IPHONEOS_DEPLOYMENT_TARGET = 8.0;
				LD_RUNPATH_SEARCH_PATHS = "$(inherited) @executable_path/Frameworks";
				PRODUCT_BUNDLE_IDENTIFIER = com.nd.app.factory.dynamicnew99u;
				PRODUCT_NAME = "$(TARGET_NAME)";
				PROVISIONING_PROFILE_SPECIFIER = com.nd.app.factory.dynamicnew99uinhouse;
			};
			name = Release;
		};
		882D3A8A1D73D6CE00BEED93 /* Debug */ = {
			isa = XCBuildConfiguration;
			baseConfigurationReference = 7FB8777C8AAA65591EF1C806 /* Pods-NDStaffInfoTests.debug.xcconfig */;
			buildSettings = {
				BUNDLE_LOADER = "$(TEST_HOST)";
				INFOPLIST_FILE = StartMovieTests/Info.plist;
				LD_RUNPATH_SEARCH_PATHS = "$(inherited) @executable_path/Frameworks @loader_path/Frameworks";
				PRODUCT_BUNDLE_IDENTIFIER = com.zwsSinfotek.StartMovieTests;
				PRODUCT_NAME = "$(TARGET_NAME)";
				TEST_HOST = "$(BUILT_PRODUCTS_DIR)/NDStaffInfo.app/NDStaffInfo";
			};
			name = Debug;
		};
		882D3A8B1D73D6CE00BEED93 /* Release */ = {
			isa = XCBuildConfiguration;
			baseConfigurationReference = 2B16F35A075E6235D8B2CD7D /* Pods-NDStaffInfoTests.release.xcconfig */;
			buildSettings = {
				BUNDLE_LOADER = "$(TEST_HOST)";
				INFOPLIST_FILE = StartMovieTests/Info.plist;
				LD_RUNPATH_SEARCH_PATHS = "$(inherited) @executable_path/Frameworks @loader_path/Frameworks";
				PRODUCT_BUNDLE_IDENTIFIER = com.zwsSinfotek.StartMovieTests;
				PRODUCT_NAME = "$(TARGET_NAME)";
				TEST_HOST = "$(BUILT_PRODUCTS_DIR)/NDStaffInfo.app/NDStaffInfo";
			};
			name = Release;
		};
		882D3A8D1D73D6CE00BEED93 /* Debug */ = {
			isa = XCBuildConfiguration;
			baseConfigurationReference = 769D8D0BD4316D9CE29A8117 /* Pods-NDStaffInfoUITests.debug.xcconfig */;
			buildSettings = {
				INFOPLIST_FILE = StartMovieUITests/Info.plist;
				LD_RUNPATH_SEARCH_PATHS = "$(inherited) @executable_path/Frameworks @loader_path/Frameworks";
				PRODUCT_BUNDLE_IDENTIFIER = com.zwsSinfotek.StartMovieUITests;
				PRODUCT_NAME = "$(TARGET_NAME)";
				TEST_TARGET_NAME = StartMovie;
			};
			name = Debug;
		};
		882D3A8E1D73D6CE00BEED93 /* Release */ = {
			isa = XCBuildConfiguration;
			baseConfigurationReference = 547075BA1B0598714AA3BBBE /* Pods-NDStaffInfoUITests.release.xcconfig */;
			buildSettings = {
				INFOPLIST_FILE = StartMovieUITests/Info.plist;
				LD_RUNPATH_SEARCH_PATHS = "$(inherited) @executable_path/Frameworks @loader_path/Frameworks";
				PRODUCT_BUNDLE_IDENTIFIER = com.zwsSinfotek.StartMovieUITests;
				PRODUCT_NAME = "$(TARGET_NAME)";
				TEST_TARGET_NAME = StartMovie;
			};
			name = Release;
		};
/* End XCBuildConfiguration section */

/* Begin XCConfigurationList section */
		882D3A541D73D6CE00BEED93 /* Build configuration list for PBXProject "NDStaffInfo" */ = {
			isa = XCConfigurationList;
			buildConfigurations = (
				882D3A841D73D6CE00BEED93 /* Debug */,
				882D3A851D73D6CE00BEED93 /* Release */,
			);
			defaultConfigurationIsVisible = 0;
			defaultConfigurationName = Release;
		};
		882D3A861D73D6CE00BEED93 /* Build configuration list for PBXNativeTarget "NDStaffInfo" */ = {
			isa = XCConfigurationList;
			buildConfigurations = (
				882D3A871D73D6CE00BEED93 /* Debug */,
				882D3A881D73D6CE00BEED93 /* Release */,
			);
			defaultConfigurationIsVisible = 0;
			defaultConfigurationName = Release;
		};
		882D3A891D73D6CE00BEED93 /* Build configuration list for PBXNativeTarget "NDStaffInfoTests" */ = {
			isa = XCConfigurationList;
			buildConfigurations = (
				882D3A8A1D73D6CE00BEED93 /* Debug */,
				882D3A8B1D73D6CE00BEED93 /* Release */,
			);
			defaultConfigurationIsVisible = 0;
			defaultConfigurationName = Release;
		};
		882D3A8C1D73D6CE00BEED93 /* Build configuration list for PBXNativeTarget "NDStaffInfoUITests" */ = {
			isa = XCConfigurationList;
			buildConfigurations = (
				882D3A8D1D73D6CE00BEED93 /* Debug */,
				882D3A8E1D73D6CE00BEED93 /* Release */,
			);
			defaultConfigurationIsVisible = 0;
			defaultConfigurationName = Release;
		};
/* End XCConfigurationList section */
	};
	rootObject = 882D3A511D73D6CE00BEED93 /* Project object */;
}
